# This file was autogenerated by Stack.
# You should not edit this file by hand.
# For more information, please see the documentation at:
#   https://docs.haskellstack.org/en/stable/lock_files

packages:
- completed:
    name: autodocodec
    pantry-tree:
      sha256: 43e9568b96fd2eb0942d08c9d47f69fb4a0fba859458c312cdab51434d852df6
      size: 912
    sha256: c219fdb85280bd98af473d48958b070de6520b5dcf6fac0ca833e54261a2fbeb
    size: 80400
    subdir: autodocodec
    url: https://github.com/NorfairKing/autodocodec/archive/e7f4ec8d1d47e77c0f7fe83c8032abae5b082572.tar.gz
    version: 0.2.2.0
  original:
    subdir: autodocodec
    url: https://github.com/NorfairKing/autodocodec/archive/e7f4ec8d1d47e77c0f7fe83c8032abae5b082572.tar.gz
- completed:
    name: autodocodec-schema
    pantry-tree:
      sha256: de7f401fc1f895fe94b5c21ce81f048c3d395d701da3006ed70706819189d32c
      size: 387
    sha256: c219fdb85280bd98af473d48958b070de6520b5dcf6fac0ca833e54261a2fbeb
    size: 80400
    subdir: autodocodec-schema
    url: https://github.com/NorfairKing/autodocodec/archive/e7f4ec8d1d47e77c0f7fe83c8032abae5b082572.tar.gz
    version: 0.1.0.3
  original:
    subdir: autodocodec-schema
    url: https://github.com/NorfairKing/autodocodec/archive/e7f4ec8d1d47e77c0f7fe83c8032abae5b082572.tar.gz
- completed:
    name: autodocodec-yaml
    pantry-tree:
      sha256: a0bfe70f6c81b54cf6de6924df774d16e4132f37d69c77dfeef7660530a50d26
      size: 591
    sha256: c219fdb85280bd98af473d48958b070de6520b5dcf6fac0ca833e54261a2fbeb
    size: 80400
    subdir: autodocodec-yaml
    url: https://github.com/NorfairKing/autodocodec/archive/e7f4ec8d1d47e77c0f7fe83c8032abae5b082572.tar.gz
    version: 0.2.0.3
  original:
    subdir: autodocodec-yaml
    url: https://github.com/NorfairKing/autodocodec/archive/e7f4ec8d1d47e77c0f7fe83c8032abae5b082572.tar.gz
- completed:
    name: safe-coloured-text
    pantry-tree:
      sha256: 745ceaba61b668a74685f802e9618aff3131ee830d54693f58d674e16f1763c4
      size: 530
    sha256: c1dda4ae3d8600e7283446a7f06b17004237f351f4e4fed4a334b2742a2db7f2
    size: 38948
    subdir: safe-coloured-text
    url: https://github.com/NorfairKing/safe-coloured-text/archive/50abcbfa2a2ed15c6186fa2381fe818bd93a730b.tar.gz
    version: 0.2.0.1
  original:
    subdir: safe-coloured-text
    url: https://github.com/NorfairKing/safe-coloured-text/archive/50abcbfa2a2ed15c6186fa2381fe818bd93a730b.tar.gz
- completed:
    name: safe-coloured-text-layout
    pantry-tree:
      sha256: 0ff171c6eedb079c70864f89e1205041b199828d8cdb92df1ffce4c62691b90e
      size: 866
    sha256: c1dda4ae3d8600e7283446a7f06b17004237f351f4e4fed4a334b2742a2db7f2
    size: 38948
    subdir: safe-coloured-text-layout
    url: https://github.com/NorfairKing/safe-coloured-text/archive/50abcbfa2a2ed15c6186fa2381fe818bd93a730b.tar.gz
    version: 0.0.0.0
  original:
    subdir: safe-coloured-text-layout
    url: https://github.com/NorfairKing/safe-coloured-text/archive/50abcbfa2a2ed15c6186fa2381fe818bd93a730b.tar.gz
- completed:
    name: safe-coloured-text-terminfo
    pantry-tree:
      sha256: fce3025b55428a905b7fe722427149ea9fa9abdac87d4b1ec35e4ee14c28dcb6
      size: 424
    sha256: c1dda4ae3d8600e7283446a7f06b17004237f351f4e4fed4a334b2742a2db7f2
    size: 38948
    subdir: safe-coloured-text-terminfo
    url: https://github.com/NorfairKing/safe-coloured-text/archive/50abcbfa2a2ed15c6186fa2381fe818bd93a730b.tar.gz
    version: 0.1.0.0
  original:
    subdir: safe-coloured-text-terminfo
    url: https://github.com/NorfairKing/safe-coloured-text/archive/50abcbfa2a2ed15c6186fa2381fe818bd93a730b.tar.gz
- completed:
    name: sydtest
    pantry-tree:
      sha256: fc41a044f6f01e59f6b507fb27e9c0d600559b3101eac978a485b62f300c89d3
      size: 4529
    sha256: 3c85120fef1ea80a86ee6473987644c30b4da7337faf20194a1581aaa194c363
    size: 398440
    subdir: sydtest
    url: https://github.com/NorfairKing/sydtest/archive/6313c1b211d14c1215cdf97b9933675cf9c2adb9.tar.gz
    version: 0.15.1.1
  original:
    subdir: sydtest
    url: https://github.com/NorfairKing/sydtest/archive/6313c1b211d14c1215cdf97b9933675cf9c2adb9.tar.gz
- completed:
    name: sydtest-discover
    pantry-tree:
      sha256: 6a97aafa6614e876a526dc5e16eb88fdc8b8a99d501dacbb83f15296135254a1
      size: 485
    sha256: 3c85120fef1ea80a86ee6473987644c30b4da7337faf20194a1581aaa194c363
    size: 398440
    subdir: sydtest-discover
    url: https://github.com/NorfairKing/sydtest/archive/6313c1b211d14c1215cdf97b9933675cf9c2adb9.tar.gz
    version: 0.0.0.4
  original:
    subdir: sydtest-discover
    url: https://github.com/NorfairKing/sydtest/archive/6313c1b211d14c1215cdf97b9933675cf9c2adb9.tar.gz
- completed:
    name: genvalidity
    pantry-tree:
      sha256: 73cb32f64fdf0c4e40e624e266093bf91fa1e1c6198a19a7c26efaa8b0155d3b
      size: 748
    sha256: 9efb2e7296d90aad5d45c2938e9f13c14eb951fe23158fb97a5584fe822a56e3
    size: 133453
    subdir: genvalidity
    url: https://github.com/NorfairKing/validity/archive/11135c8090991158b5b8f3f5f9d266a4ed6df567.tar.gz
    version: 1.1.0.0
  original:
    subdir: genvalidity
    url: https://github.com/NorfairKing/validity/archive/11135c8090991158b5b8f3f5f9d266a4ed6df567.tar.gz
- completed:
    name: genvalidity-aeson
    pantry-tree:
      sha256: 0c6eaad272ff9ca21d4c31c43dfe287e1b217f8ff68736f4f01489b434378c30
      size: 516
    sha256: 9efb2e7296d90aad5d45c2938e9f13c14eb951fe23158fb97a5584fe822a56e3
    size: 133453
    subdir: genvalidity-aeson
    url: https://github.com/NorfairKing/validity/archive/11135c8090991158b5b8f3f5f9d266a4ed6df567.tar.gz
    version: 1.1.0.0
  original:
    subdir: genvalidity-aeson
    url: https://github.com/NorfairKing/validity/archive/11135c8090991158b5b8f3f5f9d266a4ed6df567.tar.gz
- completed:
    name: genvalidity-bytestring
    pantry-tree:
      sha256: 63d23bc25661a43c3e8feffcc277651ec7ab836d7683247246b9c8ec83d1e405
      size: 536
    sha256: 9efb2e7296d90aad5d45c2938e9f13c14eb951fe23158fb97a5584fe822a56e3
    size: 133453
    subdir: genvalidity-bytestring
    url: https://github.com/NorfairKing/validity/archive/11135c8090991158b5b8f3f5f9d266a4ed6df567.tar.gz
    version: 1.0.0.1
  original:
    subdir: genvalidity-bytestring
    url: https://github.com/NorfairKing/validity/archive/11135c8090991158b5b8f3f5f9d266a4ed6df567.tar.gz
- completed:
    name: genvalidity-case-insensitive
    pantry-tree:
      sha256: a98ce357a0d04db9d39b4b656d96295e22a17b4fcb5df9f3b1a0aa2c296a632a
      size: 501
    sha256: 9efb2e7296d90aad5d45c2938e9f13c14eb951fe23158fb97a5584fe822a56e3
    size: 133453
    subdir: genvalidity-case-insensitive
    url: https://github.com/NorfairKing/validity/archive/11135c8090991158b5b8f3f5f9d266a4ed6df567.tar.gz
    version: 0.0.0.1
  original:
    subdir: genvalidity-case-insensitive
    url: https://github.com/NorfairKing/validity/archive/11135c8090991158b5b8f3f5f9d266a4ed6df567.tar.gz
- completed:
    name: genvalidity-containers
    pantry-tree:
      sha256: ee78700fa44c4eb3eedab9d4a7cdab7a6031776c3266da0ecf597f82fa36d662
      size: 1066
    sha256: 9efb2e7296d90aad5d45c2938e9f13c14eb951fe23158fb97a5584fe822a56e3
    size: 133453
    subdir: genvalidity-containers
    url: https://github.com/NorfairKing/validity/archive/11135c8090991158b5b8f3f5f9d266a4ed6df567.tar.gz
    version: 1.0.0.1
  original:
    subdir: genvalidity-containers
    url: https://github.com/NorfairKing/validity/archive/11135c8090991158b5b8f3f5f9d266a4ed6df567.tar.gz
- completed:
    name: genvalidity-criterion
    pantry-tree:
      sha256: 9bbb6936fad448239fac71fc22b74a0f21f40d102efc0b26188eed94857aabe8
      size: 403
    sha256: 9efb2e7296d90aad5d45c2938e9f13c14eb951fe23158fb97a5584fe822a56e3
    size: 133453
    subdir: genvalidity-criterion
    url: https://github.com/NorfairKing/validity/archive/11135c8090991158b5b8f3f5f9d266a4ed6df567.tar.gz
    version: 1.1.0.0
  original:
    subdir: genvalidity-criterion
    url: https://github.com/NorfairKing/validity/archive/11135c8090991158b5b8f3f5f9d266a4ed6df567.tar.gz
- completed:
    name: genvalidity-network-uri
    pantry-tree:
      sha256: b8941dcba73e6b75043398fc17c3bd17062cbf4020552fbff3031ee34e2ef4b7
      size: 475
    sha256: 9efb2e7296d90aad5d45c2938e9f13c14eb951fe23158fb97a5584fe822a56e3
    size: 133453
    subdir: genvalidity-network-uri
    url: https://github.com/NorfairKing/validity/archive/11135c8090991158b5b8f3f5f9d266a4ed6df567.tar.gz
    version: 0.1.0.0
  original:
    subdir: genvalidity-network-uri
    url: https://github.com/NorfairKing/validity/archive/11135c8090991158b5b8f3f5f9d266a4ed6df567.tar.gz
- completed:
    name: genvalidity-path
    pantry-tree:
      sha256: ed8ebc48a1adc817b2e7b346850a9468b3d43ada9178e3146208844cbbb65b5c
      size: 514
    sha256: 9efb2e7296d90aad5d45c2938e9f13c14eb951fe23158fb97a5584fe822a56e3
    size: 133453
    subdir: genvalidity-path
    url: https://github.com/NorfairKing/validity/archive/11135c8090991158b5b8f3f5f9d266a4ed6df567.tar.gz
    version: 1.0.0.1
  original:
    subdir: genvalidity-path
    url: https://github.com/NorfairKing/validity/archive/11135c8090991158b5b8f3f5f9d266a4ed6df567.tar.gz
- completed:
    name: genvalidity-persistent
    pantry-tree:
      sha256: 9662f0bf04662bd866bf790cf74e6329182ed3cd648afda76872cd930c22148e
      size: 530
    sha256: 9efb2e7296d90aad5d45c2938e9f13c14eb951fe23158fb97a5584fe822a56e3
    size: 133453
    subdir: genvalidity-persistent
    url: https://github.com/NorfairKing/validity/archive/11135c8090991158b5b8f3f5f9d266a4ed6df567.tar.gz
    version: 1.0.0.2
  original:
    subdir: genvalidity-persistent
    url: https://github.com/NorfairKing/validity/archive/11135c8090991158b5b8f3f5f9d266a4ed6df567.tar.gz
- completed:
    name: genvalidity-property
    pantry-tree:
      sha256: 22d1eca32a5ba8c0c09f2ceb1cedbff1eba1bdd9f2a4732e032c90089867c738
      size: 2073
    sha256: 9efb2e7296d90aad5d45c2938e9f13c14eb951fe23158fb97a5584fe822a56e3
    size: 133453
    subdir: genvalidity-property
    url: https://github.com/NorfairKing/validity/archive/11135c8090991158b5b8f3f5f9d266a4ed6df567.tar.gz
    version: 1.0.0.0
  original:
    subdir: genvalidity-property
    url: https://github.com/NorfairKing/validity/archive/11135c8090991158b5b8f3f5f9d266a4ed6df567.tar.gz
- completed:
    name: genvalidity-scientific
    pantry-tree:
      sha256: edea699b565548487964ac3976f4ae50fff54cbc0ddc3caee1b5d99b699c1f5b
      size: 479
    sha256: 9efb2e7296d90aad5d45c2938e9f13c14eb951fe23158fb97a5584fe822a56e3
    size: 133453
    subdir: genvalidity-scientific
    url: https://github.com/NorfairKing/validity/archive/11135c8090991158b5b8f3f5f9d266a4ed6df567.tar.gz
    version: 1.0.0.0
  original:
    subdir: genvalidity-scientific
    url: https://github.com/NorfairKing/validity/archive/11135c8090991158b5b8f3f5f9d266a4ed6df567.tar.gz
- completed:
    name: genvalidity-sydtest
    pantry-tree:
      sha256: 1ba132c060d475f0a917aeac0e08ad382e31baf6af9e88c8c90dd421bfc6824a
      size: 3965
    sha256: 9efb2e7296d90aad5d45c2938e9f13c14eb951fe23158fb97a5584fe822a56e3
    size: 133453
    subdir: genvalidity-sydtest
    url: https://github.com/NorfairKing/validity/archive/11135c8090991158b5b8f3f5f9d266a4ed6df567.tar.gz
    version: 1.0.0.0
  original:
    subdir: genvalidity-sydtest
    url: https://github.com/NorfairKing/validity/archive/11135c8090991158b5b8f3f5f9d266a4ed6df567.tar.gz
- completed:
    name: genvalidity-sydtest-aeson
    pantry-tree:
      sha256: 547631fbfbe52f9f3705cecdcc99715ef722933508b7c599a80bf07ccb593d3a
      size: 524
    sha256: 9efb2e7296d90aad5d45c2938e9f13c14eb951fe23158fb97a5584fe822a56e3
    size: 133453
    subdir: genvalidity-sydtest-aeson
    url: https://github.com/NorfairKing/validity/archive/11135c8090991158b5b8f3f5f9d266a4ed6df567.tar.gz
    version: 1.0.0.0
  original:
    subdir: genvalidity-sydtest-aeson
    url: https://github.com/NorfairKing/validity/archive/11135c8090991158b5b8f3f5f9d266a4ed6df567.tar.gz
- completed:
    name: genvalidity-sydtest-hashable
    pantry-tree:
      sha256: 1540ac1868eccce9abfc55bc55342462610533d28dfde6323a4bff1aae60a48e
      size: 485
    sha256: 9efb2e7296d90aad5d45c2938e9f13c14eb951fe23158fb97a5584fe822a56e3
    size: 133453
    subdir: genvalidity-sydtest-hashable
    url: https://github.com/NorfairKing/validity/archive/11135c8090991158b5b8f3f5f9d266a4ed6df567.tar.gz
    version: 1.0.0.1
  original:
    subdir: genvalidity-sydtest-hashable
    url: https://github.com/NorfairKing/validity/archive/11135c8090991158b5b8f3f5f9d266a4ed6df567.tar.gz
- completed:
    name: genvalidity-sydtest-lens
    pantry-tree:
      sha256: c635a76dea63ee0a55a5d25ecea041c61b9e836a55e2634345166afbe628a971
      size: 522
    sha256: 9efb2e7296d90aad5d45c2938e9f13c14eb951fe23158fb97a5584fe822a56e3
    size: 133453
    subdir: genvalidity-sydtest-lens
    url: https://github.com/NorfairKing/validity/archive/11135c8090991158b5b8f3f5f9d266a4ed6df567.tar.gz
    version: 1.0.0.0
  original:
    subdir: genvalidity-sydtest-lens
    url: https://github.com/NorfairKing/validity/archive/11135c8090991158b5b8f3f5f9d266a4ed6df567.tar.gz
- completed:
    name: genvalidity-sydtest-persistent
    pantry-tree:
      sha256: ae3e26d467f4316f8173c55d88d79563eef8679f56f2be792791fd2523b5d1fc
      size: 533
    sha256: 9efb2e7296d90aad5d45c2938e9f13c14eb951fe23158fb97a5584fe822a56e3
    size: 133453
    subdir: genvalidity-sydtest-persistent
    url: https://github.com/NorfairKing/validity/archive/11135c8090991158b5b8f3f5f9d266a4ed6df567.tar.gz
    version: 1.0.0.0
  original:
    subdir: genvalidity-sydtest-persistent
    url: https://github.com/NorfairKing/validity/archive/11135c8090991158b5b8f3f5f9d266a4ed6df567.tar.gz
- completed:
    name: genvalidity-text
    pantry-tree:
      sha256: a6eb34cbf251fcbd42d49d6fe2aca1f40a540e137b270ecd6b162b9fdb509f70
      size: 517
    sha256: 9efb2e7296d90aad5d45c2938e9f13c14eb951fe23158fb97a5584fe822a56e3
    size: 133453
    subdir: genvalidity-text
    url: https://github.com/NorfairKing/validity/archive/11135c8090991158b5b8f3f5f9d266a4ed6df567.tar.gz
    version: 1.0.0.1
  original:
    subdir: genvalidity-text
    url: https://github.com/NorfairKing/validity/archive/11135c8090991158b5b8f3f5f9d266a4ed6df567.tar.gz
- completed:
    name: genvalidity-time
    pantry-tree:
      sha256: 7ab87c90acfe644416659f13804621e41b4311275ee535a6f70167ec90b0a783
      size: 821
    sha256: 9efb2e7296d90aad5d45c2938e9f13c14eb951fe23158fb97a5584fe822a56e3
    size: 133453
    subdir: genvalidity-time
    url: https://github.com/NorfairKing/validity/archive/11135c8090991158b5b8f3f5f9d266a4ed6df567.tar.gz
    version: 1.0.0.1
  original:
    subdir: genvalidity-time
    url: https://github.com/NorfairKing/validity/archive/11135c8090991158b5b8f3f5f9d266a4ed6df567.tar.gz
- completed:
    name: genvalidity-unordered-containers
    pantry-tree:
      sha256: 29abf0c0fbc13aee4cbe7a23b09d801f2e6def8f586846d2df8bc32437176b2f
      size: 646
    sha256: 9efb2e7296d90aad5d45c2938e9f13c14eb951fe23158fb97a5584fe822a56e3
    size: 133453
    subdir: genvalidity-unordered-containers
    url: https://github.com/NorfairKing/validity/archive/11135c8090991158b5b8f3f5f9d266a4ed6df567.tar.gz
    version: 1.0.0.1
  original:
    subdir: genvalidity-unordered-containers
    url: https://github.com/NorfairKing/validity/archive/11135c8090991158b5b8f3f5f9d266a4ed6df567.tar.gz
- completed:
    name: genvalidity-uuid
    pantry-tree:
      sha256: 2ce0152560c12f46894be37b2cd55c7648738c8c0281d5f0d09711b25ccab7f5
      size: 515
    sha256: 9efb2e7296d90aad5d45c2938e9f13c14eb951fe23158fb97a5584fe822a56e3
    size: 133453
    subdir: genvalidity-uuid
    url: https://github.com/NorfairKing/validity/archive/11135c8090991158b5b8f3f5f9d266a4ed6df567.tar.gz
    version: 1.0.0.1
  original:
    subdir: genvalidity-uuid
    url: https://github.com/NorfairKing/validity/archive/11135c8090991158b5b8f3f5f9d266a4ed6df567.tar.gz
- completed:
    name: genvalidity-vector
    pantry-tree:
      sha256: 216e343d19bbc7c0cb614c9ffaeccc20cbdf7b0c38aa4ef6b748bdad68fc3b5e
      size: 464
    sha256: 9efb2e7296d90aad5d45c2938e9f13c14eb951fe23158fb97a5584fe822a56e3
    size: 133453
    subdir: genvalidity-vector
    url: https://github.com/NorfairKing/validity/archive/11135c8090991158b5b8f3f5f9d266a4ed6df567.tar.gz
    version: 1.0.0.0
  original:
    subdir: genvalidity-vector
    url: https://github.com/NorfairKing/validity/archive/11135c8090991158b5b8f3f5f9d266a4ed6df567.tar.gz
- completed:
    name: validity
    pantry-tree:
      sha256: 7091eeb1cec922fd6f2063e09a03b35e80a18775a279da21b6da20b62ac78c74
      size: 442
    sha256: 9efb2e7296d90aad5d45c2938e9f13c14eb951fe23158fb97a5584fe822a56e3
    size: 133453
    subdir: validity
    url: https://github.com/NorfairKing/validity/archive/11135c8090991158b5b8f3f5f9d266a4ed6df567.tar.gz
    version: 0.12.0.2
  original:
    subdir: validity
    url: https://github.com/NorfairKing/validity/archive/11135c8090991158b5b8f3f5f9d266a4ed6df567.tar.gz
- completed:
    name: validity-aeson
    pantry-tree:
      sha256: e90cb899d6e34a7cd4a3d885999312190d30d34158765027ad842247fd0ae36e
      size: 456
    sha256: 9efb2e7296d90aad5d45c2938e9f13c14eb951fe23158fb97a5584fe822a56e3
    size: 133453
    subdir: validity-aeson
    url: https://github.com/NorfairKing/validity/archive/11135c8090991158b5b8f3f5f9d266a4ed6df567.tar.gz
    version: 0.2.0.5
  original:
    subdir: validity-aeson
    url: https://github.com/NorfairKing/validity/archive/11135c8090991158b5b8f3f5f9d266a4ed6df567.tar.gz
- completed:
    name: validity-bytestring
    pantry-tree:
      sha256: f55f74e3601cf672ad0d75fa3fab6734ca3be58683dd2bf7d6ed798c6fbf04c6
      size: 343
    sha256: 9efb2e7296d90aad5d45c2938e9f13c14eb951fe23158fb97a5584fe822a56e3
    size: 133453
    subdir: validity-bytestring
    url: https://github.com/NorfairKing/validity/archive/11135c8090991158b5b8f3f5f9d266a4ed6df567.tar.gz
    version: 0.4.1.1
  original:
    subdir: validity-bytestring
    url: https://github.com/NorfairKing/validity/archive/11135c8090991158b5b8f3f5f9d266a4ed6df567.tar.gz
- completed:
    name: validity-case-insensitive
    pantry-tree:
      sha256: 75518faedf89d9b419e03d349d8f9ba50f3d029fc45d1c61e353871dcceb238d
      size: 438
    sha256: 9efb2e7296d90aad5d45c2938e9f13c14eb951fe23158fb97a5584fe822a56e3
    size: 133453
    subdir: validity-case-insensitive
    url: https://github.com/NorfairKing/validity/archive/11135c8090991158b5b8f3f5f9d266a4ed6df567.tar.gz
    version: 0.0.0.0
  original:
    subdir: validity-case-insensitive
    url: https://github.com/NorfairKing/validity/archive/11135c8090991158b5b8f3f5f9d266a4ed6df567.tar.gz
- completed:
    name: validity-containers
    pantry-tree:
      sha256: 0d634d0b7694212813a73f3abbd9cb4e5e15683d98377b2052039291d13feda9
      size: 605
    sha256: 9efb2e7296d90aad5d45c2938e9f13c14eb951fe23158fb97a5584fe822a56e3
    size: 133453
    subdir: validity-containers
    url: https://github.com/NorfairKing/validity/archive/11135c8090991158b5b8f3f5f9d266a4ed6df567.tar.gz
    version: 0.5.0.4
  original:
    subdir: validity-containers
    url: https://github.com/NorfairKing/validity/archive/11135c8090991158b5b8f3f5f9d266a4ed6df567.tar.gz
- completed:
    name: validity-network-uri
    pantry-tree:
      sha256: c2a77c756732546c87f85cdc10a523bc889b6232ef78715135497ac5f337b16e
      size: 291
    sha256: 9efb2e7296d90aad5d45c2938e9f13c14eb951fe23158fb97a5584fe822a56e3
    size: 133453
    subdir: validity-network-uri
    url: https://github.com/NorfairKing/validity/archive/11135c8090991158b5b8f3f5f9d266a4ed6df567.tar.gz
    version: 0.0.0.1
  original:
    subdir: validity-network-uri
    url: https://github.com/NorfairKing/validity/archive/11135c8090991158b5b8f3f5f9d266a4ed6df567.tar.gz
- completed:
    name: validity-path
    pantry-tree:
      sha256: 173bf6ad9752b78c0cc046ad83ff847375fff357383d0fb1f938f6987b13418f
      size: 454
    sha256: 9efb2e7296d90aad5d45c2938e9f13c14eb951fe23158fb97a5584fe822a56e3
    size: 133453
    subdir: validity-path
    url: https://github.com/NorfairKing/validity/archive/11135c8090991158b5b8f3f5f9d266a4ed6df567.tar.gz
    version: 0.4.0.1
  original:
    subdir: validity-path
    url: https://github.com/NorfairKing/validity/archive/11135c8090991158b5b8f3f5f9d266a4ed6df567.tar.gz
- completed:
    name: validity-persistent
    pantry-tree:
      sha256: 04e78d53155a8fecf00aaa4a2fcc5bd286d775f560ffcd45d921870cb81f81fb
      size: 336
    sha256: 9efb2e7296d90aad5d45c2938e9f13c14eb951fe23158fb97a5584fe822a56e3
    size: 133453
    subdir: validity-persistent
    url: https://github.com/NorfairKing/validity/archive/11135c8090991158b5b8f3f5f9d266a4ed6df567.tar.gz
    version: 0.0.0.0
  original:
    subdir: validity-persistent
    url: https://github.com/NorfairKing/validity/archive/11135c8090991158b5b8f3f5f9d266a4ed6df567.tar.gz
- completed:
    name: validity-primitive
    pantry-tree:
      sha256: 100ef61d94924baaa34b15302e3f740976c2a68d8a0ba5984ec21b3ebc412330
      size: 339
    sha256: 9efb2e7296d90aad5d45c2938e9f13c14eb951fe23158fb97a5584fe822a56e3
    size: 133453
    subdir: validity-primitive
    url: https://github.com/NorfairKing/validity/archive/11135c8090991158b5b8f3f5f9d266a4ed6df567.tar.gz
    version: 0.0.0.1
  original:
    subdir: validity-primitive
    url: https://github.com/NorfairKing/validity/archive/11135c8090991158b5b8f3f5f9d266a4ed6df567.tar.gz
- completed:
    name: validity-scientific
    pantry-tree:
      sha256: b81a9a3ee5fc0e12cb4fa7b0243760a8fc48f0cfa336d625670492a3bcc4c1ad
      size: 341
    sha256: 9efb2e7296d90aad5d45c2938e9f13c14eb951fe23158fb97a5584fe822a56e3
    size: 133453
    subdir: validity-scientific
    url: https://github.com/NorfairKing/validity/archive/11135c8090991158b5b8f3f5f9d266a4ed6df567.tar.gz
    version: 0.2.0.3
  original:
    subdir: validity-scientific
    url: https://github.com/NorfairKing/validity/archive/11135c8090991158b5b8f3f5f9d266a4ed6df567.tar.gz
- completed:
    name: validity-text
    pantry-tree:
      sha256: 8bcc56f5dad95e3fa6f2ad559f1b5dd45956b891cb38118533283d0691502686
      size: 331
    sha256: 9efb2e7296d90aad5d45c2938e9f13c14eb951fe23158fb97a5584fe822a56e3
    size: 133453
    subdir: validity-text
    url: https://github.com/NorfairKing/validity/archive/11135c8090991158b5b8f3f5f9d266a4ed6df567.tar.gz
    version: 0.3.1.3
  original:
    subdir: validity-text
    url: https://github.com/NorfairKing/validity/archive/11135c8090991158b5b8f3f5f9d266a4ed6df567.tar.gz
- completed:
    name: validity-time
    pantry-tree:
      sha256: a1a71265d4a72299a6ee20a5ef7852689a38ed63a8b612cd8e4d8b791cb57940
      size: 624
    sha256: 9efb2e7296d90aad5d45c2938e9f13c14eb951fe23158fb97a5584fe822a56e3
    size: 133453
    subdir: validity-time
    url: https://github.com/NorfairKing/validity/archive/11135c8090991158b5b8f3f5f9d266a4ed6df567.tar.gz
    version: 0.5.0.0
  original:
    subdir: validity-time
    url: https://github.com/NorfairKing/validity/archive/11135c8090991158b5b8f3f5f9d266a4ed6df567.tar.gz
- completed:
    name: validity-unordered-containers
    pantry-tree:
      sha256: 23c36edb1cb68ea72727c2c31cbf2868e59a7710ffba2c282901b9131770929c
      size: 497
    sha256: 9efb2e7296d90aad5d45c2938e9f13c14eb951fe23158fb97a5584fe822a56e3
    size: 133453
    subdir: validity-unordered-containers
    url: https://github.com/NorfairKing/validity/archive/11135c8090991158b5b8f3f5f9d266a4ed6df567.tar.gz
    version: 0.2.0.3
  original:
    subdir: validity-unordered-containers
    url: https://github.com/NorfairKing/validity/archive/11135c8090991158b5b8f3f5f9d266a4ed6df567.tar.gz
- completed:
    name: validity-uuid
    pantry-tree:
      sha256: c54e80dffc9a9e011e33d25b226773d991c4e11ecc3c8bf75ab4958526647b94
      size: 329
    sha256: 9efb2e7296d90aad5d45c2938e9f13c14eb951fe23158fb97a5584fe822a56e3
    size: 133453
    subdir: validity-uuid
    url: https://github.com/NorfairKing/validity/archive/11135c8090991158b5b8f3f5f9d266a4ed6df567.tar.gz
    version: 0.1.0.3
  original:
    subdir: validity-uuid
    url: https://github.com/NorfairKing/validity/archive/11135c8090991158b5b8f3f5f9d266a4ed6df567.tar.gz
- completed:
    name: validity-vector
    pantry-tree:
      sha256: 9d16e47af5ffeb04220b02436ffefd7cfe3c92c92d0d109082a5676070861b0a
      size: 333
    sha256: 9efb2e7296d90aad5d45c2938e9f13c14eb951fe23158fb97a5584fe822a56e3
    size: 133453
    subdir: validity-vector
    url: https://github.com/NorfairKing/validity/archive/11135c8090991158b5b8f3f5f9d266a4ed6df567.tar.gz
    version: 0.2.0.3
  original:
    subdir: validity-vector
    url: https://github.com/NorfairKing/validity/archive/11135c8090991158b5b8f3f5f9d266a4ed6df567.tar.gz
snapshots:
- completed:
    sha256: e63b43d506918278d05cd1448bd19352ab2faa9b8e9d64ce527b56f1a7fba149
    size: 650255
    url: https://raw.githubusercontent.com/commercialhaskell/stackage-snapshots/master/lts/20/25.yaml
  original: lts-20.25
